// !$*UTF8*$!
{
	archiveVersion = 1;
	classes = {
	};
	objectVersion = 56;
	objects = {

/* Begin PBXBuildFile section */
		8F09DB912BE2C51E00A380C3 /* HomeViewController.swift in Sources */ = {isa = PBXBuildFile; fileRef = 8F09DB902BE2C51E00A380C3 /* HomeViewController.swift */; };
		8F09DB932BE2D3D700A380C3 /* HomeViewModel.swift in Sources */ = {isa = PBXBuildFile; fileRef = 8F09DB922BE2D3D700A380C3 /* HomeViewModel.swift */; };
		8F09DB962BE2FCF400A380C3 /* PokeModel.swift in Sources */ = {isa = PBXBuildFile; fileRef = 8F09DB952BE2FCF400A380C3 /* PokeModel.swift */; };
		8F09DB982BE2FD6700A380C3 /* HomeService.swift in Sources */ = {isa = PBXBuildFile; fileRef = 8F09DB972BE2FD6700A380C3 /* HomeService.swift */; };
		8F6934272BE2B74100C29381 /* Poppins-Regular.ttf in Resources */ = {isa = PBXBuildFile; fileRef = 8F6934262BE2B74100C29381 /* Poppins-Regular.ttf */; };
		8F6934292BE2B76D00C29381 /* Poppins-Bold.ttf in Resources */ = {isa = PBXBuildFile; fileRef = 8F6934282BE2B76D00C29381 /* Poppins-Bold.ttf */; };
		8F69342C2BE2C0C600C29381 /* SplashScreen.swift in Sources */ = {isa = PBXBuildFile; fileRef = 8F69342B2BE2C0C600C29381 /* SplashScreen.swift */; };
		8F9492C92BE32FCB009D2981 /* PokemonItemView.swift in Sources */ = {isa = PBXBuildFile; fileRef = 8F9492C82BE32FCB009D2981 /* PokemonItemView.swift */; };
		8FD0CBDB2BE3D971004754CD /* ContentView.swift in Sources */ = {isa = PBXBuildFile; fileRef = 8FD0CBDA2BE3D971004754CD /* ContentView.swift */; };
		8FE3B9572BE493470011DFFD /* PokemonInfosModels.swift in Sources */ = {isa = PBXBuildFile; fileRef = 8FE3B9562BE493470011DFFD /* PokemonInfosModels.swift */; };
		8FF78BDD2BE27466008F2138 /* Camp2024_PokedexApp.swift in Sources */ = {isa = PBXBuildFile; fileRef = 8FF78BDC2BE27466008F2138 /* Camp2024_PokedexApp.swift */; };
		8FF78BE12BE2746B008F2138 /* Assets.xcassets in Resources */ = {isa = PBXBuildFile; fileRef = 8FF78BE02BE2746B008F2138 /* Assets.xcassets */; };
		8FF78BE42BE2746B008F2138 /* Preview Assets.xcassets in Resources */ = {isa = PBXBuildFile; fileRef = 8FF78BE32BE2746B008F2138 /* Preview Assets.xcassets */; };
		8FF78BEF2BE27FEB008F2138 /* PokeColors.swift in Sources */ = {isa = PBXBuildFile; fileRef = 8FF78BEE2BE27FEB008F2138 /* PokeColors.swift */; };
/* End PBXBuildFile section */

/* Begin PBXFileReference section */
		8F09DB902BE2C51E00A380C3 /* HomeViewController.swift */ = {isa = PBXFileReference; lastKnownFileType = sourcecode.swift; path = HomeViewController.swift; sourceTree = "<group>"; };
		8F09DB922BE2D3D700A380C3 /* HomeViewModel.swift */ = {isa = PBXFileReference; lastKnownFileType = sourcecode.swift; path = HomeViewModel.swift; sourceTree = "<group>"; };
		8F09DB952BE2FCF400A380C3 /* PokeModel.swift */ = {isa = PBXFileReference; lastKnownFileType = sourcecode.swift; path = PokeModel.swift; sourceTree = "<group>"; };
		8F09DB972BE2FD6700A380C3 /* HomeService.swift */ = {isa = PBXFileReference; lastKnownFileType = sourcecode.swift; path = HomeService.swift; sourceTree = "<group>"; };
		8F6934262BE2B74100C29381 /* Poppins-Regular.ttf */ = {isa = PBXFileReference; lastKnownFileType = file; path = "Poppins-Regular.ttf"; sourceTree = "<group>"; };
		8F6934282BE2B76D00C29381 /* Poppins-Bold.ttf */ = {isa = PBXFileReference; lastKnownFileType = file; path = "Poppins-Bold.ttf"; sourceTree = "<group>"; };
		8F69342B2BE2C0C600C29381 /* SplashScreen.swift */ = {isa = PBXFileReference; lastKnownFileType = sourcecode.swift; path = SplashScreen.swift; sourceTree = "<group>"; };
		8F9492C82BE32FCB009D2981 /* PokemonItemView.swift */ = {isa = PBXFileReference; lastKnownFileType = sourcecode.swift; path = PokemonItemView.swift; sourceTree = "<group>"; };
		8FD0CBDA2BE3D971004754CD /* ContentView.swift */ = {isa = PBXFileReference; lastKnownFileType = sourcecode.swift; path = ContentView.swift; sourceTree = "<group>"; };
		8FE3B9562BE493470011DFFD /* PokemonInfosModels.swift */ = {isa = PBXFileReference; lastKnownFileType = sourcecode.swift; path = PokemonInfosModels.swift; sourceTree = "<group>"; };
		8FF78BD92BE27466008F2138 /* Camp2024-Pokedex.app */ = {isa = PBXFileReference; explicitFileType = wrapper.application; includeInIndex = 0; path = "Camp2024-Pokedex.app"; sourceTree = BUILT_PRODUCTS_DIR; };
		8FF78BDC2BE27466008F2138 /* Camp2024_PokedexApp.swift */ = {isa = PBXFileReference; lastKnownFileType = sourcecode.swift; path = Camp2024_PokedexApp.swift; sourceTree = "<group>"; };
		8FF78BE02BE2746B008F2138 /* Assets.xcassets */ = {isa = PBXFileReference; lastKnownFileType = folder.assetcatalog; path = Assets.xcassets; sourceTree = "<group>"; };
		8FF78BE32BE2746B008F2138 /* Preview Assets.xcassets */ = {isa = PBXFileReference; lastKnownFileType = folder.assetcatalog; path = "Preview Assets.xcassets"; sourceTree = "<group>"; };
		8FF78BEE2BE27FEB008F2138 /* PokeColors.swift */ = {isa = PBXFileReference; lastKnownFileType = sourcecode.swift; path = PokeColors.swift; sourceTree = "<group>"; };
/* End PBXFileReference section */

/* Begin PBXFrameworksBuildPhase section */
		8FF78BD62BE27466008F2138 /* Frameworks */ = {
			isa = PBXFrameworksBuildPhase;
			buildActionMask = 2147483647;
			files = (
			);
			runOnlyForDeploymentPostprocessing = 0;
		};
/* End PBXFrameworksBuildPhase section */

/* Begin PBXGroup section */
		8F09DB8E2BE2C4A600A380C3 /* Scenes */ = {
			isa = PBXGroup;
			children = (
				8FE3B95A2BE4968B0011DFFD /* Favorites */,
				8FE3B9592BE4966C0011DFFD /* PokemonDetails */,
				8F09DB8F2BE2C4D000A380C3 /* Home */,
			);
			path = Scenes;
			sourceTree = "<group>";
		};
		8F09DB8F2BE2C4D000A380C3 /* Home */ = {
			isa = PBXGroup;
			children = (
				8F9492C72BE32FBE009D2981 /* Views */,
				8F09DB902BE2C51E00A380C3 /* HomeViewController.swift */,
				8F09DB922BE2D3D700A380C3 /* HomeViewModel.swift */,
				8F09DB972BE2FD6700A380C3 /* HomeService.swift */,
			);
			path = Home;
			sourceTree = "<group>";
		};
		8F09DB942BE2FCBA00A380C3 /* Models */ = {
			isa = PBXGroup;
			children = (
				8F09DB952BE2FCF400A380C3 /* PokeModel.swift */,
				8FE3B9562BE493470011DFFD /* PokemonInfosModels.swift */,
			);
			path = Models;
			sourceTree = "<group>";
		};
		8F9492C72BE32FBE009D2981 /* Views */ = {
			isa = PBXGroup;
			children = (
				8F9492C82BE32FCB009D2981 /* PokemonItemView.swift */,
			);
			path = Views;
			sourceTree = "<group>";
		};
		8FE3B9582BE496120011DFFD /* Resources */ = {
			isa = PBXGroup;
			children = (
				8FF78BE02BE2746B008F2138 /* Assets.xcassets */,
				8FF78BF12BE28190008F2138 /* Colors */,
				8FF78BF42BE292EA008F2138 /* Font */,
			);
			path = Resources;
			sourceTree = "<group>";
		};
		8FE3B9592BE4966C0011DFFD /* PokemonDetails */ = {
			isa = PBXGroup;
			children = (
			);
			path = PokemonDetails;
			sourceTree = "<group>";
		};
		8FE3B95A2BE4968B0011DFFD /* Favorites */ = {
			isa = PBXGroup;
			children = (
			);
			path = Favorites;
			sourceTree = "<group>";
		};
		8FF78BD02BE27466008F2138 = {
			isa = PBXGroup;
			children = (
				8FF78BDB2BE27466008F2138 /* Camp2024-Pokedex */,
				8FF78BDA2BE27466008F2138 /* Products */,
			);
			sourceTree = "<group>";
		};
		8FF78BDA2BE27466008F2138 /* Products */ = {
			isa = PBXGroup;
			children = (
				8FF78BD92BE27466008F2138 /* Camp2024-Pokedex.app */,
			);
			name = Products;
			sourceTree = "<group>";
		};
		8FF78BDB2BE27466008F2138 /* Camp2024-Pokedex */ = {
			isa = PBXGroup;
			children = (
				8FE3B9582BE496120011DFFD /* Resources */,
				8F09DB942BE2FCBA00A380C3 /* Models */,
				8F09DB8E2BE2C4A600A380C3 /* Scenes */,
				8FF78BDC2BE27466008F2138 /* Camp2024_PokedexApp.swift */,
				8FF78BE22BE2746B008F2138 /* Preview Content */,
				8F69342B2BE2C0C600C29381 /* SplashScreen.swift */,
				8FD0CBDA2BE3D971004754CD /* ContentView.swift */,
			);
			path = "Camp2024-Pokedex";
			sourceTree = "<group>";
		};
		8FF78BE22BE2746B008F2138 /* Preview Content */ = {
			isa = PBXGroup;
			children = (
				8FF78BE32BE2746B008F2138 /* Preview Assets.xcassets */,
			);
			path = "Preview Content";
			sourceTree = "<group>";
		};
		8FF78BF12BE28190008F2138 /* Colors */ = {
			isa = PBXGroup;
			children = (
				8FF78BEE2BE27FEB008F2138 /* PokeColors.swift */,
			);
			path = Colors;
			sourceTree = "<group>";
		};
		8FF78BF42BE292EA008F2138 /* Font */ = {
			isa = PBXGroup;
			children = (
				8F6934262BE2B74100C29381 /* Poppins-Regular.ttf */,
				8F6934282BE2B76D00C29381 /* Poppins-Bold.ttf */,
			);
			path = Font;
			sourceTree = "<group>";
		};
/* End PBXGroup section */

/* Begin PBXNativeTarget section */
		8FF78BD82BE27466008F2138 /* Camp2024-Pokedex */ = {
			isa = PBXNativeTarget;
			buildConfigurationList = 8FF78BE72BE2746B008F2138 /* Build configuration list for PBXNativeTarget "Camp2024-Pokedex" */;
			buildPhases = (
				8FF78BD52BE27466008F2138 /* Sources */,
				8FF78BD62BE27466008F2138 /* Frameworks */,
				8FF78BD72BE27466008F2138 /* Resources */,
			);
			buildRules = (
			);
			dependencies = (
			);
			name = "Camp2024-Pokedex";
			productName = "Camp2024-Pokedex";
			productReference = 8FF78BD92BE27466008F2138 /* Camp2024-Pokedex.app */;
			productType = "com.apple.product-type.application";
		};
/* End PBXNativeTarget section */

/* Begin PBXProject section */
		8FF78BD12BE27466008F2138 /* Project object */ = {
			isa = PBXProject;
			attributes = {
				BuildIndependentTargetsInParallel = 1;
				LastSwiftUpdateCheck = 1520;
				LastUpgradeCheck = 1520;
				TargetAttributes = {
					8FF78BD82BE27466008F2138 = {
						CreatedOnToolsVersion = 15.2;
					};
				};
			};
			buildConfigurationList = 8FF78BD42BE27466008F2138 /* Build configuration list for PBXProject "Camp2024-Pokedex" */;
			compatibilityVersion = "Xcode 14.0";
			developmentRegion = en;
			hasScannedForEncodings = 0;
			knownRegions = (
				en,
				Base,
			);
			mainGroup = 8FF78BD02BE27466008F2138;
			productRefGroup = 8FF78BDA2BE27466008F2138 /* Products */;
			projectDirPath = "";
			projectRoot = "";
			targets = (
				8FF78BD82BE27466008F2138 /* Camp2024-Pokedex */,
			);
		};
/* End PBXProject section */

/* Begin PBXResourcesBuildPhase section */
		8FF78BD72BE27466008F2138 /* Resources */ = {
			isa = PBXResourcesBuildPhase;
			buildActionMask = 2147483647;
			files = (
				8F6934272BE2B74100C29381 /* Poppins-Regular.ttf in Resources */,
				8FF78BE42BE2746B008F2138 /* Preview Assets.xcassets in Resources */,
				8FF78BE12BE2746B008F2138 /* Assets.xcassets in Resources */,
				8F6934292BE2B76D00C29381 /* Poppins-Bold.ttf in Resources */,
			);
			runOnlyForDeploymentPostprocessing = 0;
		};
/* End PBXResourcesBuildPhase section */

/* Begin PBXSourcesBuildPhase section */
		8FF78BD52BE27466008F2138 /* Sources */ = {
			isa = PBXSourcesBuildPhase;
			buildActionMask = 2147483647;
			files = (
				8FE3B9572BE493470011DFFD /* PokemonInfosModels.swift in Sources */,
				8F09DB912BE2C51E00A380C3 /* HomeViewController.swift in Sources */,
				8F9492C92BE32FCB009D2981 /* PokemonItemView.swift in Sources */,
				8F09DB932BE2D3D700A380C3 /* HomeViewModel.swift in Sources */,
				8F09DB962BE2FCF400A380C3 /* PokeModel.swift in Sources */,
				8F69342C2BE2C0C600C29381 /* SplashScreen.swift in Sources */,
				8FD0CBDB2BE3D971004754CD /* ContentView.swift in Sources */,
				8FF78BDD2BE27466008F2138 /* Camp2024_PokedexApp.swift in Sources */,
				8F09DB982BE2FD6700A380C3 /* HomeService.swift in Sources */,
				8FF78BEF2BE27FEB008F2138 /* PokeColors.swift in Sources */,
			);
			runOnlyForDeploymentPostprocessing = 0;
		};
/* End PBXSourcesBuildPhase section */

/* Begin XCBuildConfiguration section */
		8FF78BE52BE2746B008F2138 /* Debug */ = {
			isa = XCBuildConfiguration;
			buildSettings = {
				ALWAYS_SEARCH_USER_PATHS = NO;
				ASSETCATALOG_COMPILER_GENERATE_SWIFT_ASSET_SYMBOL_EXTENSIONS = YES;
				CLANG_ANALYZER_NONNULL = YES;
				CLANG_ANALYZER_NUMBER_OBJECT_CONVERSION = YES_AGGRESSIVE;
				CLANG_CXX_LANGUAGE_STANDARD = "gnu++20";
				CLANG_ENABLE_MODULES = YES;
				CLANG_ENABLE_OBJC_ARC = YES;
				CLANG_ENABLE_OBJC_WEAK = YES;
				CLANG_WARN_BLOCK_CAPTURE_AUTORELEASING = YES;
				CLANG_WARN_BOOL_CONVERSION = YES;
				CLANG_WARN_COMMA = YES;
				CLANG_WARN_CONSTANT_CONVERSION = YES;
				CLANG_WARN_DEPRECATED_OBJC_IMPLEMENTATIONS = YES;
				CLANG_WARN_DIRECT_OBJC_ISA_USAGE = YES_ERROR;
				CLANG_WARN_DOCUMENTATION_COMMENTS = YES;
				CLANG_WARN_EMPTY_BODY = YES;
				CLANG_WARN_ENUM_CONVERSION = YES;
				CLANG_WARN_INFINITE_RECURSION = YES;
				CLANG_WARN_INT_CONVERSION = YES;
				CLANG_WARN_NON_LITERAL_NULL_CONVERSION = YES;
				CLANG_WARN_OBJC_IMPLICIT_RETAIN_SELF = YES;
				CLANG_WARN_OBJC_LITERAL_CONVERSION = YES;
				CLANG_WARN_OBJC_ROOT_CLASS = YES_ERROR;
				CLANG_WARN_QUOTED_INCLUDE_IN_FRAMEWORK_HEADER = YES;
				CLANG_WARN_RANGE_LOOP_ANALYSIS = YES;
				CLANG_WARN_STRICT_PROTOTYPES = YES;
				CLANG_WARN_SUSPICIOUS_MOVE = YES;
				CLANG_WARN_UNGUARDED_AVAILABILITY = YES_AGGRESSIVE;
				CLANG_WARN_UNREACHABLE_CODE = YES;
				CLANG_WARN__DUPLICATE_METHOD_MATCH = YES;
				COPY_PHASE_STRIP = NO;
				DEBUG_INFORMATION_FORMAT = dwarf;
				ENABLE_STRICT_OBJC_MSGSEND = YES;
				ENABLE_TESTABILITY = YES;
				ENABLE_USER_SCRIPT_SANDBOXING = YES;
				GCC_C_LANGUAGE_STANDARD = gnu17;
				GCC_DYNAMIC_NO_PIC = NO;
				GCC_NO_COMMON_BLOCKS = YES;
				GCC_OPTIMIZATION_LEVEL = 0;
				GCC_PREPROCESSOR_DEFINITIONS = (
					"DEBUG=1",
					"$(inherited)",
				);
				GCC_WARN_64_TO_32_BIT_CONVERSION = YES;
				GCC_WARN_ABOUT_RETURN_TYPE = YES_ERROR;
				GCC_WARN_UNDECLARED_SELECTOR = YES;
				GCC_WARN_UNINITIALIZED_AUTOS = YES_AGGRESSIVE;
				GCC_WARN_UNUSED_FUNCTION = YES;
				GCC_WARN_UNUSED_VARIABLE = YES;
				IPHONEOS_DEPLOYMENT_TARGET = 17.2;
				LOCALIZATION_PREFERS_STRING_CATALOGS = YES;
				MTL_ENABLE_DEBUG_INFO = INCLUDE_SOURCE;
				MTL_FAST_MATH = YES;
				ONLY_ACTIVE_ARCH = YES;
				SDKROOT = iphoneos;
				SWIFT_ACTIVE_COMPILATION_CONDITIONS = "DEBUG $(inherited)";
				SWIFT_OPTIMIZATION_LEVEL = "-Onone";
			};
			name = Debug;
		};
		8FF78BE62BE2746B008F2138 /* Release */ = {
			isa = XCBuildConfiguration;
			buildSettings = {
				ALWAYS_SEARCH_USER_PATHS = NO;
				ASSETCATALOG_COMPILER_GENERATE_SWIFT_ASSET_SYMBOL_EXTENSIONS = YES;
				CLANG_ANALYZER_NONNULL = YES;
				CLANG_ANALYZER_NUMBER_OBJECT_CONVERSION = YES_AGGRESSIVE;
				CLANG_CXX_LANGUAGE_STANDARD = "gnu++20";
				CLANG_ENABLE_MODULES = YES;
				CLANG_ENABLE_OBJC_ARC = YES;
				CLANG_ENABLE_OBJC_WEAK = YES;
				CLANG_WARN_BLOCK_CAPTURE_AUTORELEASING = YES;
				CLANG_WARN_BOOL_CONVERSION = YES;
				CLANG_WARN_COMMA = YES;
				CLANG_WARN_CONSTANT_CONVERSION = YES;
				CLANG_WARN_DEPRECATED_OBJC_IMPLEMENTATIONS = YES;
				CLANG_WARN_DIRECT_OBJC_ISA_USAGE = YES_ERROR;
				CLANG_WARN_DOCUMENTATION_COMMENTS = YES;
				CLANG_WARN_EMPTY_BODY = YES;
				CLANG_WARN_ENUM_CONVERSION = YES;
				CLANG_WARN_INFINITE_RECURSION = YES;
				CLANG_WARN_INT_CONVERSION = YES;
				CLANG_WARN_NON_LITERAL_NULL_CONVERSION = YES;
				CLANG_WARN_OBJC_IMPLICIT_RETAIN_SELF = YES;
				CLANG_WARN_OBJC_LITERAL_CONVERSION = YES;
				CLANG_WARN_OBJC_ROOT_CLASS = YES_ERROR;
				CLANG_WARN_QUOTED_INCLUDE_IN_FRAMEWORK_HEADER = YES;
				CLANG_WARN_RANGE_LOOP_ANALYSIS = YES;
				CLANG_WARN_STRICT_PROTOTYPES = YES;
				CLANG_WARN_SUSPICIOUS_MOVE = YES;
				CLANG_WARN_UNGUARDED_AVAILABILITY = YES_AGGRESSIVE;
				CLANG_WARN_UNREACHABLE_CODE = YES;
				CLANG_WARN__DUPLICATE_METHOD_MATCH = YES;
				COPY_PHASE_STRIP = NO;
				DEBUG_INFORMATION_FORMAT = "dwarf-with-dsym";
				ENABLE_NS_ASSERTIONS = NO;
				ENABLE_STRICT_OBJC_MSGSEND = YES;
				ENABLE_USER_SCRIPT_SANDBOXING = YES;
				GCC_C_LANGUAGE_STANDARD = gnu17;
				GCC_NO_COMMON_BLOCKS = YES;
				GCC_WARN_64_TO_32_BIT_CONVERSION = YES;
				GCC_WARN_ABOUT_RETURN_TYPE = YES_ERROR;
				GCC_WARN_UNDECLARED_SELECTOR = YES;
				GCC_WARN_UNINITIALIZED_AUTOS = YES_AGGRESSIVE;
				GCC_WARN_UNUSED_FUNCTION = YES;
				GCC_WARN_UNUSED_VARIABLE = YES;
				IPHONEOS_DEPLOYMENT_TARGET = 17.2;
				LOCALIZATION_PREFERS_STRING_CATALOGS = YES;
				MTL_ENABLE_DEBUG_INFO = NO;
				MTL_FAST_MATH = YES;
				SDKROOT = iphoneos;
				SWIFT_COMPILATION_MODE = wholemodule;
				VALIDATE_PRODUCT = YES;
			};
			name = Release;
		};
		8FF78BE82BE2746B008F2138 /* Debug */ = {
			isa = XCBuildConfiguration;
			buildSettings = {
				ASSETCATALOG_COMPILER_APPICON_NAME = AppIcon;
				ASSETCATALOG_COMPILER_GLOBAL_ACCENT_COLOR_NAME = AccentColor;
				CODE_SIGN_STYLE = Automatic;
				CURRENT_PROJECT_VERSION = 1;
				DEVELOPMENT_ASSET_PATHS = "\"Camp2024-Pokedex/Preview Content\"";
				DEVELOPMENT_TEAM = 6P7YL4PD82;
				ENABLE_PREVIEWS = YES;
				GENERATE_INFOPLIST_FILE = YES;
				INFOPLIST_FILE = "Camp2024-Pokedex/Info.plist";
				INFOPLIST_KEY_UIApplicationSceneManifest_Generation = YES;
				INFOPLIST_KEY_UIApplicationSupportsIndirectInputEvents = YES;
				INFOPLIST_KEY_UILaunchScreen_Generation = YES;
				INFOPLIST_KEY_UILaunchStoryboardName = ContentView;
				INFOPLIST_KEY_UISupportedInterfaceOrientations_iPad = "UIInterfaceOrientationPortrait UIInterfaceOrientationPortraitUpsideDown UIInterfaceOrientationLandscapeLeft UIInterfaceOrientationLandscapeRight";
				INFOPLIST_KEY_UISupportedInterfaceOrientations_iPhone = "UIInterfaceOrientationPortrait UIInterfaceOrientationLandscapeLeft UIInterfaceOrientationLandscapeRight";
				IPHONEOS_DEPLOYMENT_TARGET = 15.0;
				LD_RUNPATH_SEARCH_PATHS = (
					"$(inherited)",
					"@executable_path/Frameworks",
				);
				MARKETING_VERSION = 1.0;
				PRODUCT_BUNDLE_IDENTIFIER = "com.taisrocha.Camp2024-Pokedex";
				PRODUCT_NAME = "$(TARGET_NAME)";
				SWIFT_EMIT_LOC_STRINGS = YES;
				SWIFT_VERSION = 5.0;
				TARGETED_DEVICE_FAMILY = "1,2";
			};
			name = Debug;
		};
		8FF78BE92BE2746B008F2138 /* Release */ = {
			isa = XCBuildConfiguration;
			buildSettings = {
				ASSETCATALOG_COMPILER_APPICON_NAME = AppIcon;
				ASSETCATALOG_COMPILER_GLOBAL_ACCENT_COLOR_NAME = AccentColor;
				CODE_SIGN_STYLE = Automatic;
				CURRENT_PROJECT_VERSION = 1;
				DEVELOPMENT_ASSET_PATHS = "\"Camp2024-Pokedex/Preview Content\"";
				DEVELOPMENT_TEAM = 6P7YL4PD82;
				ENABLE_PREVIEWS = YES;
				GENERATE_INFOPLIST_FILE = YES;
				INFOPLIST_FILE = "Camp2024-Pokedex/Info.plist";
				INFOPLIST_KEY_UIApplicationSceneManifest_Generation = YES;
				INFOPLIST_KEY_UIApplicationSupportsIndirectInputEvents = YES;
				INFOPLIST_KEY_UILaunchScreen_Generation = YES;
				INFOPLIST_KEY_UILaunchStoryboardName = ContentView;
				INFOPLIST_KEY_UISupportedInterfaceOrientations_iPad = "UIInterfaceOrientationPortrait UIInterfaceOrientationPortraitUpsideDown UIInterfaceOrientationLandscapeLeft UIInterfaceOrientationLandscapeRight";
				INFOPLIST_KEY_UISupportedInterfaceOrientations_iPhone = "UIInterfaceOrientationPortrait UIInterfaceOrientationLandscapeLeft UIInterfaceOrientationLandscapeRight";
				IPHONEOS_DEPLOYMENT_TARGET = 15.0;
				LD_RUNPATH_SEARCH_PATHS = (
					"$(inherited)",
					"@executable_path/Frameworks",
				);
				MARKETING_VERSION = 1.0;
				PRODUCT_BUNDLE_IDENTIFIER = "com.taisrocha.Camp2024-Pokedex";
				PRODUCT_NAME = "$(TARGET_NAME)";
				SWIFT_EMIT_LOC_STRINGS = YES;
				SWIFT_VERSION = 5.0;
				TARGETED_DEVICE_FAMILY = "1,2";
			};
			name = Release;
		};
/* End XCBuildConfiguration section */

/* Begin XCConfigurationList section */
		8FF78BD42BE27466008F2138 /* Build configuration list for PBXProject "Camp2024-Pokedex" */ = {
			isa = XCConfigurationList;
			buildConfigurations = (
				8FF78BE52BE2746B008F2138 /* Debug */,
				8FF78BE62BE2746B008F2138 /* Release */,
			);
			defaultConfigurationIsVisible = 0;
			defaultConfigurationName = Release;
		};
		8FF78BE72BE2746B008F2138 /* Build configuration list for PBXNativeTarget "Camp2024-Pokedex" */ = {
			isa = XCConfigurationList;
			buildConfigurations = (
				8FF78BE82BE2746B008F2138 /* Debug */,
				8FF78BE92BE2746B008F2138 /* Release */,
			);
			defaultConfigurationIsVisible = 0;
			defaultConfigurationName = Release;
		};
/* End XCConfigurationList section */
	};
	rootObject = 8FF78BD12BE27466008F2138 /* Project object */;
}
